github.com/MicahParks/jwkset v0.11.0 h1:yc0zG+jCvZpWgFDFmvs8/8jqqVBG9oyIbmBtmjOhoyQ=
github.com/MicahParks/jwkset v0.11.0/go.mod h1:U2oRhRaLgDCLjtpGL2GseNKGmZtLs/3O7p+OZaL5vo0=
github.com/MicahParks/keyfunc/v3 v3.8.0 h1:Hx2dgIjAXGk9slakM6rV9BOeaWDPEXXZ4Us8guNBfds=
github.com/MicahParks/keyfunc/v3 v3.8.0/go.mod h1:z66bkCviwqfg2YUp+Jcc/xRE9IXLcMq6DrgV/+Htru0=
github.com/beorn7/perks v1.0.1 h1:VlbKKnNfV8bJzeqoa4cOKqO6bYr3WgKZxO8Z16+hsOM=
github.com/beorn7/perks v1.0.1/go.mod h1:G2ZrVWU2WbWT9wwq4/hrbKbnv/1ERSJQ0ibhJ6rlkpw=
github.com/cenkalti/backoff/v4 v4.3.0 h1:MyRJ/UdXutAwSAT+s3wNd7MfTIcy71VQueUuFK343L8=
github.com/cenkalti/backoff/v4 v4.3.0/go.mod h1:Y3VNntkOUPxTVeUxJ/G5vcM//AlwfmyYozVcomhLiZE=
github.com/cespare/xxhash/v2 v2.3.0 h1:UL815xU9SqsFlibzuggzjXhog7bL6oX9BbNZnL2UFvs=
github.com/cespare/xxhash/v2 v2.3.0/go.mod h1:VGX0DQ3Q6kWi7AoAeZDth3/j3BFtOZR5XLFGgcrjCOs=
github.com/davecgh/go-spew v1.1.0/go.mod h1:J7Y8YcW2NihsgmVo/mv3lAwl/skON4iLHjSsI+c5H38=
github.com/davecgh/go-spew v1.1.1 h1:vj9j/u1bqnvCEfJOwUhtlOARqs3+rkHYY13jYWTU97c=
github.com/davecgh/go-spew v1.1.1/go.mod h1:J7Y8YcW2NihsgmVo/mv3lAwl/skON4iLHjSsI+c5H38=
github.com/dlclark/regexp2 v1.11.0 h1:G/nrcoOa7ZXlpoa/91N3X7mM3r8eIlMBBJZvsz/mxKI=
github.com/dlclark/regexp2 v1.11.0/go.mod h1:DHkYz0B9wPfa6wondMfaivmHpzrQ3v9q8cnmRbL6yW8=
github.com/frankban/quicktest v1.14.6 h1:7Xjx+VpznH+oBnejlPUj8oUpdxnVs4f8XU8WnHkI4W8=
github.com/frankban/quicktest v1.14.6/go.mod h1:4ptaffx2x8+WTWXmUCuVU6aPUX1/Mz7zb5vbUoiM6w0=
github.com/fsnotify/fsnotify v1.8.0 h1:dAwr6QBTBZIkG8roQaJjGof0pp0EeF+tNV7YBP3F/8M=
github.com/fsnotify/fsnotify v1.8.0/go.mod h1:8jBTzvmWwFyi3Pb8djgCCO5IBqzKJ/Jwo8TRcHyHii0=
github.com/go-logr/logr v1.2.2/go.mod h1:jdQByPbusPIv2/zmleS9BjJVeZ6kBagPoEUsqbVz/1A=
github.com/go-logr/logr v1.4.2 h1:6pFjapn8bFcIbiKo3XT4j/BhANplGihG6tvd+8rYgrY=
github.com/go-logr/logr v1.4.2/go.mod h1:9T104GzyrTigFIr8wt5mBrctHMim0Nb2HLGrmQ40KvY=
github.com/go-logr/stdr v1.2.2 h1:hSWxHoqTgW2S2qGc0LTAI563KZ5YKYRhT3MFKZMbjag=
github.com/go-logr/stdr v1.2.2/go.mod h1:mMo/vtBO5dYbehREoey6XUKy/eSumjCCveDpRre4VKE=
github.com/go-viper/mapstructure/v2 v2.2.1 h1:ZAaOCxANMuZx5RCeg0mBdEZk7DZasvvZIxtHqx8aGss=
github.com/go-viper/mapstructure/v2 v2.2.1/go.mod h1:oJDH3BJKyqBA2TXFhDsKDGDTlndYOZ6rGS0BRZIxGhM=
github.com/golang-jwt/jwt/v5 v5.3.1 h1:kYf81DTWFe7t+1VvL7eS+jKFVWaUnK9cB1qbwn63YCY=
github.com/golang-jwt/jwt/v5 v5.3.1/go.mod h1:fxCRLWMO43lRc8nhHWY6LGqRcf+1gQWArsqaEUEa5bE=
github.com/google/go-cmp v0.7.0 h1:wk8382ETsv4JYUZwIsn6YpYiWiBsYLSJiTsyBybVuN8=
github.com/google/go-cmp v0.7.0/go.mod h1:pXiqmnSA92OHEEa9HXL2W4E7lf9JzCmGVUdgjX3N/iU=
github.com/google/jsonschema-go v0.4.2 h1:tmrUohrwoLZZS/P3x7ex0WAVknEkBZM46iALbcqoRA8=
github.com/google/jsonschema-go v0.4.2/go.mod h1:r5quNTdLOYEz95Ru18zA0ydNbBuYoo9tgaYcxEYhJVE=
github.com/google/uuid v1.6.0 h1:NIvaJDMOsjHA8n1jAhLSgzrAzy1Hgr+hNrb57e+94F0=
github.com/google/uuid v1.6.0/go.mod h1:TIyPZe4MgqvfeYDBFedMoGGpEw/LqOeaOT+nhxU+yHo=
github.com/grpc-ecosystem/grpc-gateway/v2 v2.20.0 h1:bkypFPDjIYGfCYD5mRBvpqxfYX1YCS1PXdKYWi8FsN0=
github.com/grpc-ecosystem/grpc-gateway/v2 v2.20.0/go.mod h1:P+Lt/0by1T8bfcF3z737NnSbmxQAppXMRziHUxPOC8k=
github.com/itchyny/gojq v0.12.19 h1:ttXA0XCLEMoaLOz5lSeFOZ6u6Q3QxmG46vfgI4O0DEs=
github.com/itchyny/gojq v0.12.19/go.mod h1:5galtVPDywX8SPSOrqjGxkBeDhSxEW1gSxoy7tn1iZY=
github.com/itchyny/timefmt-go v0.1.8 h1:1YEo1JvfXeAHKdjelbYr/uCuhkybaHCeTkH8Bo791OI=
github.com/itchyny/timefmt-go v0.1.8/go.mod h1:5E46Q+zj7vbTgWY8o5YkMeYb4I6GeWLFnetPy5oBrAI=
github.com/klauspost/compress v1.17.9 h1:6KIumPrER1LHsvBVuDa0r5xaG0Es51mhhB9BQB2qeMA=
github.com/klauspost/compress v1.17.9/go.mod h1:Di0epgTjJY877eYKx5yC51cX2A2Vl2ibi7bDH9ttBbw=
github.com/kr/pretty v0.3.1 h1:flRD4NNwYAUpkphVc1HcthR4KEIFJ65n8Mw5qdRn3LE=
github.com/kr/pretty v0.3.1/go.mod h1:hoEshYVHaxMs3cyo3Yncou5ZscifuDolrwPKZanG3xk=
github.com/kr/text v0.2.0 h1:5Nx0Ya0ZqY2ygV366QzturHI13Jq95ApcVaJBhpS+AY=
github.com/kr/text v0.2.0/go.mod h1:eLer722TekiGuMkidMxC/pM04lWEeraHUUmBw8l2grE=
github.com/kylelemons/godebug v1.1.0 h1:RPNrshWIDI6G2gRW9EHilWtl7Z6Sb1BR0xunSBf0SNc=
github.com/kylelemons/godebug v1.1.0/go.mod h1:9/0rRGxNHcop5bhtWyNeEfOS8JIWk580+fNqagV/RAw=
github.com/mark3labs/mcp-go v0.55.1 h1:GLYqNm9qdMGPhCtK4g1t1y1vhAPfayOBuaibDi4mrSA=
github.com/mark3labs/mcp-go v0.55.1/go.mod h1:+8WclSK1ZUweCP3hvktSji8n8ABG/95QaEkeVE/Uwas=
github.com/munnerz/goautoneg v0.0.0-20191010083416-a7dc8b61c822 h1:C3w9PqII01/Oq1c1nUAm88MOHcQC9l5mIlSMApZMrHA=
github.com/munnerz/goautoneg v0.0.0-20191010083416-a7dc8b61c822/go.mod h1:+n7T8mK8HuQTcFwEeznm/DIxMOiR9yIdICNftLE1DvQ=
github.com/pelletier/go-toml/v2 v2.2.3 h1:YmeHyLY8mFWbdkNWwpr+qIL2bEqT0o95WSdkNHvL12M=
github.com/pelletier/go-toml/v2 v2.2.3/go.mod h1:MfCQTFTvCcUyyvvwm1+G6H/jORL20Xlb6rzQu9GuUkc=
github.com/pmezard/go-difflib v1.0.0 h1:4DBwDE0NGyQoBHbLQYPwSUPoCMWR5BEzIk/f1lZbAQM=
github.com/pmezard/go-difflib v1.0.0/go.mod h1:iKH77koFhYxTK1pcRnkKkqfTogsbg7gZNVY4sRDYZ/4=
github.com/prometheus/client_golang v1.20.5 h1:cxppBPuYhUnsO6yo/aoRol4L7q7UFfdm+bR9r+8l63Y=
github.com/prometheus/client_golang v1.20.5/go.mod h1:PIEt8X02hGcP8JWbeHyeZ53Y/jReSnHgO035n//V5WE=
github.com/prometheus/client_model v0.6.1 h1:ZKSh/rekM+n3CeS952MLRAdFwIKqeY8b62p8ais2e9E=
github.com/prometheus/client_model v0.6.1/go.mod h1:OrxVMOVHjw3lKMa8+x6HeMGkHMQyHDk9E3jmP2AmGiY=
github.com/prometheus/common v0.55.0 h1:KEi6DK7lXW/m7Ig5i47x0vRzuBsHuvJdi5ee6Y3G1dc=
github.com/prometheus/common v0.55.0/go.mod h1:2SECS4xJG1kd8XF9IcM1gMX6510RAEL65zxzNImwdc8=
github.com/prometheus/procfs v0.15.1 h1:YagwOFzUgYfKKHX6Dr+sHT7km/hxC76UB0learggepc=
github.com/prometheus/procfs v0.15.1/go.mod h1:fB45yRUv8NstnjriLhBQLuOUt+WW4BsoGhij/e3PBqk=
github.com/rogpeppe/go-internal v1.14.1 h1:UQB4HGPB6osV0SQTLymcB4TgvyWu6ZyliaW0tI/otEQ=
github.com/rogpeppe/go-internal v1.14.1/go.mod h1:MaRKkUm5W0goXpeCfT7UZI6fk/L7L7so1lCWt35ZSgc=
github.com/sagikazarmark/locafero v0.7.0 h1:5MqpDsTGNDhY8sGp0Aowyf0qKsPrhewaLSsFaodPcyo=
github.com/sagikazarmark/locafero v0.7.0/go.mod h1:2za3Cg5rMaTMoG/2Ulr9AwtFaIppKXTRYnozin4aB5k=
github.com/santhosh-tekuri/jsonschema/v6 v6.0.2 h1:KRzFb2m7YtdldCEkzs6KqmJw4nqEVZGK7IN2kJkjTuQ=
github.com/santhosh-tekuri/jsonschema/v6 v6.0.2/go.mod h1:JXeL+ps8p7/KNMjDQk3TCwPpBy0wYklyWTfbkIzdIFU=
github.com/sourcegraph/conc v0.3.0 h1:OQTbbt6P72L20UqAkXXuLOj79LfEanQ+YQFNpLA9ySo=
github.com/sourcegraph/conc v0.3.0/go.mod h1:Sdozi7LEKbFPqYX2/J+iBAM6HpqSLTASQIKqDmF7Mt0=
github.com/spf13/afero v1.12.0 h1:UcOPyRBYczmFn6yvphxkn9ZEOY65cpwGKb5mL36mrqs=
github.com/spf13/afero v1.12.0/go.mod h1:ZTlWwG4/ahT8W7T0WQ5uYmjI9duaLQGy3Q2OAl4sk/4=
github.com/spf13/cast v1.7.1 h1:cuNEagBQEHWN1FnbGEjCXL2szYEXqfJPbP2HNUaca9Y=
github.com/spf13/cast v1.7.1/go.mod h1:ancEpBxwJDODSW/UG4rDrAqiKolqNNh2DX3mk86cAdo=
github.com/spf13/pflag v1.0.6 h1:jFzHGLGAlb3ruxLB8MhbI6A8+AQX/2eW4qeyNZXNp2o=
github.com/spf13/pflag v1.0.6/go.mod h1:McXfInJRrz4CZXVZOBLb0bTZqETkiAhM9Iw0y3An2Bg=
github.com/spf13/viper v1.20.1 h1:ZMi+z/lvLyPSCoNtFCpqjy0S4kPbirhpTMwl8BkW9X4=
github.com/spf13/viper v1.20.1/go.mod h1:P9Mdzt1zoHIG8m2eZQinpiBjo6kCmZSKBClNNqjJvu4=
github.com/stretchr/objx v0.1.0/go.mod h1:HFkY916IF+rwdDfMAkV7OtwuqBVzrE8GR6GFx+wExME=
github.com/stretchr/testify v1.3.0/go.mod h1:M5WIy9Dh21IEIfnGCwXGc5bZfKNJtfHm1UVUgZn+9EI=
github.com/stretchr/testify v1.11.1 h1:7s2iGBzp5EwR7/aIZr8ao5+dra3wiQyKjjFuvgVKu7U=
github.com/stretchr/testify v1.11.1/go.mod h1:wZwfW3scLgRK+23gO65QZefKpKQRnfz6sD981Nm4B6U=
github.com/subosito/gotenv v1.6.0 h1:9NlTDc1FTs4qu0DDq7AEtTPNw6SVm7uBMsUCUjABIf8=
github.com/subosito/gotenv v1.6.0/go.mod h1:Dk4QP5c2W3ibzajGcXpNraDfq2IrhjMIvMSWPKKo0FU=
github.com/yosida95/uritemplate/v3 v3.0.2 h1:Ed3Oyj9yrmi9087+NczuL5BwkIc4wvTb5zIM+UJPGz4=
github.com/yosida95/uritemplate/v3 v3.0.2/go.mod h1:ILOh0sOhIJR3+L/8afwt/kE++YT040gmv5BQTMR2HP4=
go.opentelemetry.io/otel v1.29.0 h1:PdomN/Al4q/lN6iBJEN3AwPvUiHPMlt93c8bqTG5Llw=
go.opentelemetry.io/otel v1.29.0/go.mod h1:N/WtXPs1CNCUEx+Agz5uouwCba+i+bJGFicT8SR4NP8=
go.opentelemetry.io/otel/exporters/otlp/otlptrace v1.28.0 h1:3Q/xZUyC1BBkualc9ROb4G8qkH90LXEIICcs5zv1OYY=
go.opentelemetry.io/otel/exporters/otlp/otlptrace v1.28.0/go.mod h1:s75jGIWA9OfCMzF0xr+ZgfrB5FEbbV7UuYo32ahUiFI=
go.opentelemetry.io/otel/exporters/otlp/otlptrace/otlptracegrpc v1.28.0 h1:R3X6ZXmNPRR8ul6i3WgFURCHzaXjHdm0karRG/+dj3s=
go.opentelemetry.io/otel/exporters/otlp/otlptrace/otlptracegrpc v1.28.0/go.mod h1:QWFXnDavXWwMx2EEcZsf3yxgEKAqsxQ+Syjp+seyInw=
go.opentelemetry.io/otel/exporters/otlp/otlptrace/otlptracehttp v1.28.0 h1:j9+03ymgYhPKmeXGk5Zu+cIZOlVzd9Zv7QIiyItjFBU=
go.opentelemetry.io/otel/exporters/otlp/otlptrace/otlptracehttp v1.28.0/go.mod h1:Y5+XiUG4Emn1hTfciPzGPJaSI+RpDts6BnCIir0SLqk=
go.opentelemetry.io/otel/exporters/prometheus v0.50.0 h1:2Ewsda6hejmbhGFyUvWZjUThC98Cf8Zy6g0zkIimOng=
go.opentelemetry.io/otel/exporters/prometheus v0.50.0/go.mod h1:pMm5PkUo5YwbLiuEf7t2xg4wbP0/eSJrMxIMxKosynY=
go.opentelemetry.io/otel/metric v1.29.0 h1:vPf/HFWTNkPu1aYeIsc98l4ktOQaL6LeSoeV2g+8YLc=
go.opentelemetry.io/otel/metric v1.29.0/go.mod h1:auu/QWieFVWx+DmQOUMgj0F8LHWdgalxXqvp7BII/W8=
go.opentelemetry.io/otel/sdk v1.29.0 h1:vkqKjk7gwhS8VaWb0POZKmIEDimRCMsopNYnriHyryo=
go.opentelemetry.io/otel/sdk v1.29.0/go.mod h1:pM8Dx5WKnvxLCb+8lG1PRNIDxu9g9b9g59Qr7hfAAok=
go.opentelemetry.io/otel/sdk/metric v1.29.0 h1:K2CfmJohnRgvZ9UAj2/FhIf/okdWcNdBwe1m8xFXiSY=
go.opentelemetry.io/otel/sdk/metric v1.29.0/go.mod h1:6zZLdCl2fkauYoZIOn/soQIDSWFmNSRcICarHfuhNJQ=
go.opentelemetry.io/otel/trace v1.29.0 h1:J/8ZNK4XgR7a21DZUAsbF8pZ5Jcw1VhACmnYt39JTi4=
go.opentelemetry.io/otel/trace v1.29.0/go.mod h1:eHl3w0sp3paPkYstJOmAimxhiFXPg+MMTlEh3nsQgWQ=
go.opentelemetry.io/proto/otlp v1.3.1 h1:TrMUixzpM0yuc/znrFTP9MMRh8trP93mkCiDVeXrui0=
go.opentelemetry.io/proto/otlp v1.3.1/go.mod h1:0X1WI4de4ZsLrrJNLAQbFeLCm3T7yBkR0XqQ7niQU+8=
go.uber.org/atomic v1.9.0 h1:ECmE8Bn/WFTYwEW/bpKD3M8VtR/zQVbavAoalC1PYyE=
go.uber.org/atomic v1.9.0/go.mod h1:fEN4uk6kAWBTFdckzkM89CLk9XfWZrxpCo0nPH17wJc=
go.uber.org/goleak v1.3.0 h1:2K3zAYmnTNqV73imy9J1T3WC+gmCePx2hEGkimedGto=
go.uber.org/goleak v1.3.0/go.mod h1:CoHD4mav9JJNrW/WLlf7HGZPjdw8EucARQHekz1X6bE=
go.uber.org/multierr v1.9.0 h1:7fIwc/ZtS0q++VgcfqFDxSBZVv/Xo49/SYnDFupUwlI=
go.uber.org/multierr v1.9.0/go.mod h1:X2jQV1h+kxSjClGpnseKVIxpmcjrj7MNnI0bnlfKTVQ=
golang.org/x/net v0.33.0 h1:74SYHlV8BIgHIFC/LrYkOGIwL19eTYXQ5wc6TBuO36I=
golang.org/x/net v0.33.0/go.mod h1:HXLR5J+9DxmrqMwG9qjGCxZ+zKXxBru04zlTvWlWuN4=
golang.org/x/sys v0.38.0 h1:3yZWxaJjBmCWXqhN1qh02AkOnCQ1poK6oF+a7xWL6Gc=
golang.org/x/sys v0.38.0/go.mod h1:OgkHotnGiDImocRcuBABYBEXf8A9a87e/uXjp9XT3ks=
golang.org/x/text v0.21.0 h1:zyQAAkrwaneQ066sspRyJaG9VNi/YJ1NfzcGB3hZ/qo=
golang.org/x/text v0.21.0/go.mod h1:4IBbMaMmOPCJ8SecivzSH54+73PCFmPWxNTLm+vZkEQ=
golang.org/x/time v0.9.0 h1:EsRrnYcQiGH+5FfbgvV4AP7qEZstoyrHB0DzarOQ4ZY=
golang.org/x/time v0.9.0/go.mod h1:3BpzKBy/shNhVucY/MWOyx10tF3SFh9QdLuxbVysPQM=
google.golang.org/genproto/googleapis/api v0.0.0-20241209162323-e6fa225c2576 h1:CkkIfIt50+lT6NHAVoRYEyAvQGFM7xEwXUUywFvEb3Q=
google.golang.org/genproto/googleapis/api v0.0.0-20241209162323-e6fa225c2576/go.mod h1:1R3kvZ1dtP3+4p4d3G8uJ8rFk/fWlScl38vanWACI08=
google.golang.org/genproto/googleapis/rpc v0.0.0-20241223144023-3abc09e42ca8 h1:TqExAhdPaB60Ux47Cn0oLV07rGnxZzIsaRhQaqS666A=
google.golang.org/genproto/googleapis/rpc v0.0.0-20241223144023-3abc09e42ca8/go.mod h1:lcTa1sDdWEIHMWlITnIczmw5w60CF9ffkb8Z+DVmmjA=
google.golang.org/grpc v1.67.3 h1:OgPcDAFKHnH8X3O4WcO4XUc8GRDeKsKReqbQtiCj7N8=
google.golang.org/grpc v1.67.3/go.mod h1:YGaHCc6Oap+FzBJTZLBzkGSYt/cvGPFTPxkn7QfSU8s=
google.golang.org/protobuf v1.36.1 h1:yBPeRvTftaleIgM3PZ/WBIZ7XM/eEYAaEyCwvyjq/gk=
google.golang.org/protobuf v1.36.1/go.mod h1:9fA7Ob0pmnwhb644+1+CVWFRbNajQ6iRojtC/QF5bRE=
gopkg.in/check.v1 v0.0.0-20161208181325-20d25e280405/go.mod h1:Co6ibVJAznAaIkqp8huTwlJQCZ016jof/cbN4VW5Yz0=
gopkg.in/check.v1 v1.0.0-20201130134442-10cb98267c6c h1:Hei/4ADfdWqJk1ZMxUNpqntNwaWcugrBjAiHlqqRiVk=
gopkg.in/check.v1 v1.0.0-20201130134442-10cb98267c6c/go.mod h1:JHkPIbrfpd72SG/EVd6muEfDQjcINNoR0C8j2r3qZ4Q=
gopkg.in/yaml.v3 v3.0.1 h1:fxVm/GzAzEWqLHuvctI91KS9hhNmmWOoWu0XTYJS7CA=
gopkg.in/yaml.v3 v3.0.1/go.mod h1:K4uyk7z7BCEPqu6E+C64Yfv1cQ7kz7rIZviUmN+EgEM=
